
Microsoft Visual Studio Solution File, Format Version 12.00
# Visual Studio Version 17
VisualStudioVersion = 17.8.34511.84
MinimumVisualStudioVersion = 10.0.40219.1
Project("{FAE04EC0-301F-11D3-BF4B-00C04F79EFBC}") = "Lab18", "Lab18\Lab18.csproj", "{BB00E2FC-23D2-41C4-92A4-49607D51976D}"
EndProject
Global
	GlobalSection(SolutionConfigurationPlatforms) = preSolution
		Debug|Any CPU = Debug|Any CPU
		Release|Any CPU = Release|Any CPU
	EndGlobalSection
	GlobalSection(ProjectConfigurationPlatforms) = postSolution
		{BB00E2FC-23D2-41C4-92A4-49607D51976D}.Debug|Any CPU.ActiveCfg = Debug|Any CPU
		{BB00E2FC-23D2-41C4-92A4-49607D51976D}.Debug|Any CPU.Build.0 = Debug|Any CPU
		{BB00E2FC-23D2-41C4-92A4-49607D51976D}.Release|Any CPU.ActiveCfg = Release|Any CPU
		{BB00E2FC-23D2-41C4-92A4-49607D51976D}.Release|Any CPU.Build.0 = Release|Any CPU
	EndGlobalSection
	GlobalSection(SolutionProperties) = preSolution
		HideSolutionNode = FALSE
	EndGlobalSection
	GlobalSection(ExtensibilityGlobals) = postSolution
		SolutionGuid = {F39D711A-DB73-4F1E-A7B9-6CCAEAEFA07C}
	EndGlobalSection
EndGlobal
